// !$*UTF8*$!
{ archiveVersion = 1; classes = {}; objectVersion = 56; objects = {
0B923C4A776282CABE5E825F = { isa = PBXFileReference; lastKnownFileType = image.icns; path = "Resources/Icons/AppIcon.icns"; sourceTree = SOURCE_ROOT; };
03187534AC8E49D9A2F9A815 = { isa = PBXBuildFile; fileRef = 0B923C4A776282CABE5E825F; };
B44B0E4E408C6E035DCA7F96 = { isa = PBXFileReference; lastKnownFileType = sourcecode.swift; path = "Sources/LlamaMenuBar/LlamaMenuIcon.swift"; sourceTree = SOURCE_ROOT; };
6FCB861F393975FB4E8BEDB8 = { isa = PBXBuildFile; fileRef = B44B0E4E408C6E035DCA7F96; };
C39378396231F7408C1387FC = { isa = PBXFileReference; lastKnownFileType = sourcecode.swift; path = "Sources/LlamaMenuCore/Configuration.swift"; sourceTree = SOURCE_ROOT; };
99F7690410DEA77F2C07D3D0 = { isa = PBXFileReference; lastKnownFileType = sourcecode.swift; path = "Sources/LlamaMenuCore/ConfigurationStore.swift"; sourceTree = SOURCE_ROOT; };
987AAC5D29BF0D684C79DE79 = { isa = PBXFileReference; lastKnownFileType = sourcecode.swift; path = "Sources/LlamaMenuCore/HealthMonitor.swift"; sourceTree = SOURCE_ROOT; };
1EF728197BB8D8416AC68468 = { isa = PBXFileReference; lastKnownFileType = sourcecode.swift; path = "Sources/LlamaMenuCore/LogBuffer.swift"; sourceTree = SOURCE_ROOT; };
F7F738EAC7E6F76DF55EC9F0 = { isa = PBXFileReference; lastKnownFileType = sourcecode.swift; path = "Sources/LlamaMenuCore/ManagedChild.swift"; sourceTree = SOURCE_ROOT; };
81A8DB449AC5F1A7391ADC4A = { isa = PBXFileReference; lastKnownFileType = sourcecode.swift; path = "Sources/LlamaMenuCore/ServerController.swift"; sourceTree = SOURCE_ROOT; };
4A21F4E3270A6F487F031F75 = { isa = PBXFileReference; lastKnownFileType = sourcecode.swift; path = "Sources/LlamaMenuBar/AppState.swift"; sourceTree = SOURCE_ROOT; };
F34EED4B238C6D9D32A5D6D7 = { isa = PBXFileReference; lastKnownFileType = sourcecode.swift; path = "Sources/LlamaMenuBar/LlamaMenuBarApp.swift"; sourceTree = SOURCE_ROOT; };
CDC479F8AF523224C7CE3A79 = { isa = PBXFileReference; lastKnownFileType = sourcecode.swift; path = "Sources/LlamaMenuBar/SettingsView.swift"; sourceTree = SOURCE_ROOT; };
8F0ABEE85F2C6D5A8926B38E = { isa = PBXFileReference; lastKnownFileType = sourcecode.c.c; path = "Sources/CProcessSupport/ProcessSupport.c"; sourceTree = SOURCE_ROOT; };
6D91176EE23F2184DF58FB98 = { isa = PBXFileReference; lastKnownFileType = sourcecode.swift; path = "Tests/LlamaMenuCoreTests/ConfigurationTests.swift"; sourceTree = SOURCE_ROOT; };
965A4E041946899C5AA5AB68 = { isa = PBXFileReference; lastKnownFileType = sourcecode.swift; path = "Tests/LlamaMenuCoreTests/LifecycleTests.swift"; sourceTree = SOURCE_ROOT; };
75139122A15A429B48A14C65 = { isa = PBXFileReference; lastKnownFileType = sourcecode.swift; path = "Tests/LlamaMenuCoreTests/PersistenceTests.swift"; sourceTree = SOURCE_ROOT; };
43DD55C93E0E6ED3898A550C = { isa = PBXFileReference; lastKnownFileType = folder; path = "Tests/LlamaMenuCoreTests/Fixtures"; sourceTree = SOURCE_ROOT; };
429D0230C59596BAEA6CC819 = { isa = PBXFileReference; lastKnownFileType = text.plist.xml; path = "Resources/Info.plist"; sourceTree = SOURCE_ROOT; };
77F78ED218A5D9CC6EB0E2A7 = { isa = PBXFileReference; lastKnownFileType = sourcecode.c.h; path = "Resources/LlamaMenuBar-Bridging-Header.h"; sourceTree = SOURCE_ROOT; };
0501268F392F183D22CC5FF6 = { isa = PBXFileReference; explicitFileType = wrapper.application; path = LlamaMenuBar.app; sourceTree = BUILT_PRODUCTS_DIR; };
FDF98803FFAAFF1147692F15 = { isa = PBXFileReference; explicitFileType = wrapper.cfbundle; path = LlamaMenuCoreTests.xctest; sourceTree = BUILT_PRODUCTS_DIR; };
FE0A091FDBFB3E9C31B7A1BD = { isa = PBXGroup; name = Products; children = (0501268F392F183D22CC5FF6, FDF98803FFAAFF1147692F15,); sourceTree = "<group>"; };
06D559F86B0C916F2602BF53 = { isa = PBXGroup; children = (0B923C4A776282CABE5E825F, B44B0E4E408C6E035DCA7F96, C39378396231F7408C1387FC, 99F7690410DEA77F2C07D3D0, 987AAC5D29BF0D684C79DE79, 1EF728197BB8D8416AC68468, F7F738EAC7E6F76DF55EC9F0, 81A8DB449AC5F1A7391ADC4A, 4A21F4E3270A6F487F031F75, F34EED4B238C6D9D32A5D6D7, CDC479F8AF523224C7CE3A79, 8F0ABEE85F2C6D5A8926B38E, 6D91176EE23F2184DF58FB98, 965A4E041946899C5AA5AB68, 75139122A15A429B48A14C65, 43DD55C93E0E6ED3898A550C, 429D0230C59596BAEA6CC819, 77F78ED218A5D9CC6EB0E2A7, FE0A091FDBFB3E9C31B7A1BD,); sourceTree = "<group>"; };
B503A690ADFA23DD81890C74 = { isa = PBXBuildFile; fileRef = C39378396231F7408C1387FC; };
0D6D270E4457EE32C5C57B4C = { isa = PBXBuildFile; fileRef = 99F7690410DEA77F2C07D3D0; };
0C4DC4472F509318CF700B79 = { isa = PBXBuildFile; fileRef = 987AAC5D29BF0D684C79DE79; };
D5B2B081050E102E2D05EE46 = { isa = PBXBuildFile; fileRef = 1EF728197BB8D8416AC68468; };
DC5C9026458AFA39C150F7F3 = { isa = PBXBuildFile; fileRef = F7F738EAC7E6F76DF55EC9F0; };
E61E11075444925FDCA232FF = { isa = PBXBuildFile; fileRef = 81A8DB449AC5F1A7391ADC4A; };
AB803712DAC1203F668D4C0A = { isa = PBXBuildFile; fileRef = 4A21F4E3270A6F487F031F75; };
26A5F13A347FFB05EB43CD6A = { isa = PBXBuildFile; fileRef = F34EED4B238C6D9D32A5D6D7; };
1C1B4E810BBFAF905A384152 = { isa = PBXBuildFile; fileRef = CDC479F8AF523224C7CE3A79; };
17EAF04BB45532CAB7DF4BE1 = { isa = PBXBuildFile; fileRef = 8F0ABEE85F2C6D5A8926B38E; };
6805EC6AFDAFDBE18E2FF355 = { isa = PBXSourcesBuildPhase; buildActionMask = 2147483647; files = (6FCB861F393975FB4E8BEDB8, B503A690ADFA23DD81890C74, 0D6D270E4457EE32C5C57B4C, 0C4DC4472F509318CF700B79, D5B2B081050E102E2D05EE46, DC5C9026458AFA39C150F7F3, E61E11075444925FDCA232FF, AB803712DAC1203F668D4C0A, 26A5F13A347FFB05EB43CD6A, 1C1B4E810BBFAF905A384152, 17EAF04BB45532CAB7DF4BE1,); runOnlyForDeploymentPostprocessing = 0; };
2AC7AB26953A78AD46B49603 = { isa = PBXResourcesBuildPhase; buildActionMask = 2147483647; files = (03187534AC8E49D9A2F9A815,); runOnlyForDeploymentPostprocessing = 0; };
0F91A57B11B30F1A7980649D = { isa = PBXFrameworksBuildPhase; buildActionMask = 2147483647; files = (); runOnlyForDeploymentPostprocessing = 0; };
3A77CD648711364E9A877D62 = { isa = XCBuildConfiguration; name = Debug; buildSettings = {PRODUCT_NAME = "LlamaMenuBar"; PRODUCT_BUNDLE_IDENTIFIER = "dev.llamamenu.LlamaMenuBar"; SWIFT_VERSION = "5.0"; MACOSX_DEPLOYMENT_TARGET = "13.0"; ARCHS = "x86_64"; CODE_SIGN_STYLE = "Manual"; CODE_SIGN_IDENTITY = "-"; ENABLE_APP_SANDBOX = "NO"; SWIFT_TREAT_WARNINGS_AS_ERRORS = "YES"; GCC_TREAT_WARNINGS_AS_ERRORS = "YES"; SWIFT_OBJC_BRIDGING_HEADER = "Resources/LlamaMenuBar-Bridging-Header.h"; HEADER_SEARCH_PATHS = "$(SRCROOT)/Sources/CProcessSupport/include"; SWIFT_OPTIMIZATION_LEVEL = "-Onone"; SWIFT_ACTIVE_COMPILATION_CONDITIONS = "DEBUG"; ENABLE_TESTABILITY = "YES"; CLANG_ENABLE_MODULES = "YES"; SDKROOT = "macosx"; INFOPLIST_FILE = "Resources/Info.plist";}; };
066776A1C212750E8BE506A2 = { isa = XCBuildConfiguration; name = Release; buildSettings = {PRODUCT_NAME = "LlamaMenuBar"; PRODUCT_BUNDLE_IDENTIFIER = "dev.llamamenu.LlamaMenuBar"; SWIFT_VERSION = "5.0"; MACOSX_DEPLOYMENT_TARGET = "13.0"; ARCHS = "x86_64"; CODE_SIGN_STYLE = "Manual"; CODE_SIGN_IDENTITY = "-"; ENABLE_APP_SANDBOX = "NO"; SWIFT_TREAT_WARNINGS_AS_ERRORS = "YES"; GCC_TREAT_WARNINGS_AS_ERRORS = "YES"; SWIFT_OBJC_BRIDGING_HEADER = "Resources/LlamaMenuBar-Bridging-Header.h"; HEADER_SEARCH_PATHS = "$(SRCROOT)/Sources/CProcessSupport/include"; SWIFT_OPTIMIZATION_LEVEL = "-O"; SWIFT_ACTIVE_COMPILATION_CONDITIONS = ""; ENABLE_TESTABILITY = "YES"; CLANG_ENABLE_MODULES = "YES"; SDKROOT = "macosx"; INFOPLIST_FILE = "Resources/Info.plist";}; };
B5E4F9F7C53A9A6AF99DBCE3 = { isa = XCConfigurationList; buildConfigurations = (3A77CD648711364E9A877D62, 066776A1C212750E8BE506A2,); defaultConfigurationIsVisible = 0; defaultConfigurationName = Release; };
0352A6A2FCE048894C87B37E = { isa = PBXNativeTarget; name = LlamaMenuBar; buildConfigurationList = B5E4F9F7C53A9A6AF99DBCE3; buildPhases = (6805EC6AFDAFDBE18E2FF355, 0F91A57B11B30F1A7980649D, 2AC7AB26953A78AD46B49603,); dependencies = (); buildRules = (); productReference = 0501268F392F183D22CC5FF6; productType = "com.apple.product-type.application"; };
5A449C61E06763C63F7C6C07 = { isa = PBXBuildFile; fileRef = C39378396231F7408C1387FC; };
76937D4FD8CC75C203E8DBA6 = { isa = PBXBuildFile; fileRef = 99F7690410DEA77F2C07D3D0; };
D4F011B2600B00EA8D431C78 = { isa = PBXBuildFile; fileRef = 987AAC5D29BF0D684C79DE79; };
CCEDB86718E43C56110FE1CE = { isa = PBXBuildFile; fileRef = 1EF728197BB8D8416AC68468; };
94E798B8DE6528F12A035040 = { isa = PBXBuildFile; fileRef = F7F738EAC7E6F76DF55EC9F0; };
803CF6ECFB23F71EC6DB99B0 = { isa = PBXBuildFile; fileRef = 81A8DB449AC5F1A7391ADC4A; };
78BB3DEC9706D5045112D866 = { isa = PBXBuildFile; fileRef = 6D91176EE23F2184DF58FB98; };
931708036F61BD3F8911D7F6 = { isa = PBXBuildFile; fileRef = 965A4E041946899C5AA5AB68; };
C1E8B7672B16810A50C3292F = { isa = PBXBuildFile; fileRef = 75139122A15A429B48A14C65; };
936E463A9FF2C73043920DEB = { isa = PBXBuildFile; fileRef = 8F0ABEE85F2C6D5A8926B38E; };
B101481D07CFC33C8ABA7747 = { isa = PBXSourcesBuildPhase; buildActionMask = 2147483647; files = (5A449C61E06763C63F7C6C07, 76937D4FD8CC75C203E8DBA6, D4F011B2600B00EA8D431C78, CCEDB86718E43C56110FE1CE, 94E798B8DE6528F12A035040, 803CF6ECFB23F71EC6DB99B0, 78BB3DEC9706D5045112D866, 931708036F61BD3F8911D7F6, C1E8B7672B16810A50C3292F, 936E463A9FF2C73043920DEB,); runOnlyForDeploymentPostprocessing = 0; };
84FDF74C6EEC5B83EF759F5A = { isa = PBXBuildFile; fileRef = 43DD55C93E0E6ED3898A550C; };
8239CAE016E1D20AB5E65A12 = { isa = PBXResourcesBuildPhase; buildActionMask = 2147483647; files = (84FDF74C6EEC5B83EF759F5A,); runOnlyForDeploymentPostprocessing = 0; };
576EF13F7DEFCC568D47D137 = { isa = PBXFrameworksBuildPhase; buildActionMask = 2147483647; files = (); runOnlyForDeploymentPostprocessing = 0; };
34BE6D4215B8B1C254345416 = { isa = XCBuildConfiguration; name = Debug; buildSettings = {PRODUCT_NAME = "LlamaMenuCoreTests"; PRODUCT_BUNDLE_IDENTIFIER = "dev.llamamenu.Tests"; SWIFT_VERSION = "5.0"; MACOSX_DEPLOYMENT_TARGET = "13.0"; ARCHS = "x86_64"; CODE_SIGN_STYLE = "Manual"; CODE_SIGN_IDENTITY = "-"; ENABLE_APP_SANDBOX = "NO"; SWIFT_TREAT_WARNINGS_AS_ERRORS = "YES"; GCC_TREAT_WARNINGS_AS_ERRORS = "YES"; SWIFT_OBJC_BRIDGING_HEADER = "Resources/LlamaMenuBar-Bridging-Header.h"; HEADER_SEARCH_PATHS = "$(SRCROOT)/Sources/CProcessSupport/include"; SWIFT_OPTIMIZATION_LEVEL = "-Onone"; SWIFT_ACTIVE_COMPILATION_CONDITIONS = "DEBUG"; ENABLE_TESTABILITY = "YES"; CLANG_ENABLE_MODULES = "YES"; SDKROOT = "macosx"; GENERATE_INFOPLIST_FILE = "YES"; SKIP_INSTALL = "YES";}; };
FADCA9E4220DCCB4910052B3 = { isa = XCBuildConfiguration; name = Release; buildSettings = {PRODUCT_NAME = "LlamaMenuCoreTests"; PRODUCT_BUNDLE_IDENTIFIER = "dev.llamamenu.Tests"; SWIFT_VERSION = "5.0"; MACOSX_DEPLOYMENT_TARGET = "13.0"; ARCHS = "x86_64"; CODE_SIGN_STYLE = "Manual"; CODE_SIGN_IDENTITY = "-"; ENABLE_APP_SANDBOX = "NO"; SWIFT_TREAT_WARNINGS_AS_ERRORS = "YES"; GCC_TREAT_WARNINGS_AS_ERRORS = "YES"; SWIFT_OBJC_BRIDGING_HEADER = "Resources/LlamaMenuBar-Bridging-Header.h"; HEADER_SEARCH_PATHS = "$(SRCROOT)/Sources/CProcessSupport/include"; SWIFT_OPTIMIZATION_LEVEL = "-O"; SWIFT_ACTIVE_COMPILATION_CONDITIONS = ""; ENABLE_TESTABILITY = "YES"; CLANG_ENABLE_MODULES = "YES"; SDKROOT = "macosx"; GENERATE_INFOPLIST_FILE = "YES"; SKIP_INSTALL = "YES";}; };
FF22B4F29851F2D7C0C485AF = { isa = XCConfigurationList; buildConfigurations = (34BE6D4215B8B1C254345416, FADCA9E4220DCCB4910052B3,); defaultConfigurationIsVisible = 0; defaultConfigurationName = Release; };
1EEFA72F0C26DAC0C7D0B921 = { isa = PBXNativeTarget; name = LlamaMenuCoreTests; buildConfigurationList = FF22B4F29851F2D7C0C485AF; buildPhases = (B101481D07CFC33C8ABA7747, 576EF13F7DEFCC568D47D137, 8239CAE016E1D20AB5E65A12,); dependencies = (); buildRules = (); productReference = FDF98803FFAAFF1147692F15; productType = "com.apple.product-type.bundle.unit-test"; };
BFD315016DE16320F7E2120C = { isa = XCBuildConfiguration; name = Debug; buildSettings = {}; };
1D8C0C6B1D22EA8C7669B263 = { isa = XCBuildConfiguration; name = Release; buildSettings = {}; };
5D7731714D3E69D68AA8D7ED = { isa = XCConfigurationList; buildConfigurations = (BFD315016DE16320F7E2120C, 1D8C0C6B1D22EA8C7669B263,); defaultConfigurationIsVisible = 0; defaultConfigurationName = Release; };
F6F4DA8D93E88A08220E03B7 = { isa = PBXProject; attributes = { LastUpgradeCheck = 1620; }; buildConfigurationList = 5D7731714D3E69D68AA8D7ED; compatibilityVersion = "Xcode 14.0"; developmentRegion = en; knownRegions = (en, Base); mainGroup = 06D559F86B0C916F2602BF53; productRefGroup = FE0A091FDBFB3E9C31B7A1BD; projectDirPath = ""; projectRoot = ""; targets = (0352A6A2FCE048894C87B37E, 1EEFA72F0C26DAC0C7D0B921,); };
}; rootObject = F6F4DA8D93E88A08220E03B7; }
